<?xml version="1.0" encoding="utf-8"?>
<Project ToolsVersion="17.0" xmlns="http://schemas.microsoft.com/developer/msbuild/2003">
  <ItemGroup>
    <ClCompile Include="E:\os_system\os_system\os_system\src\tests\fsck_test1.cpp">
      <Filter>Source Files</Filter>
    </ClCompile>
  </ItemGroup>
  <ItemGroup>
    <CustomBuild Include="E:\os_system\os_system\os_system\CMakeLists.txt" />
  </ItemGroup>
  <ItemGroup>
    <Filter Include="Source Files">
      <UniqueIdentifier>{0CEEC822-3C41-3F1D-9C99-FCEE16649A0C}</UniqueIdentifier>
    </Filter>
  </ItemGroup>
</Project>
