<?xml version="1.0" encoding="utf-8"?>
<Project ToolsVersion="17.0" xmlns="http://schemas.microsoft.com/developer/msbuild/2003">
  <ItemGroup>
    <ClCompile Include="E:\os_system\os_system\os_system\src\core\disk.cpp">
      <Filter>Source Files</Filter>
    </ClCompile>
    <ClCompile Include="E:\os_system\os_system\os_system\src\core\layout.cpp">
      <Filter>Source Files</Filter>
    </ClCompile>
    <ClCompile Include="E:\os_system\os_system\os_system\src\core\superblock.cpp">
      <Filter>Source Files</Filter>
    </ClCompile>
    <ClCompile Include="E:\os_system\os_system\os_system\src\core\mount.cpp">
      <Filter>Source Files</Filter>
    </ClCompile>
    <ClCompile Include="E:\os_system\os_system\os_system\src\util\error.cpp">
      <Filter>Source Files</Filter>
    </ClCompile>
    <ClCompile Include="E:\os_system\os_system\os_system\src\core\inode.cpp">
      <Filter>Source Files</Filter>
    </ClCompile>
    <ClCompile Include="E:\os_system\os_system\os_system\src\core\block_alloc.cpp">
      <Filter>Source Files</Filter>
    </ClCompile>
    <ClCompile Include="E:\os_system\os_system\os_system\src\core\block_map.cpp">
      <Filter>Source Files</Filter>
    </ClCompile>
    <ClCompile Include="E:\os_system\os_system\os_system\src\core\raw_file.cpp">
      <Filter>Source Files</Filter>
    </ClCompile>
    <ClCompile Include="E:\os_system\os_system\os_system\src\core\cache.cpp">
      <Filter>Source Files</Filter>
    </ClCompile>
    <ClCompile Include="E:\os_system\os_system\os_system\src\core\sync.cpp">
      <Filter>Source Files</Filter>
    </ClCompile>
    <ClCompile Include="E:\os_system\os_system\os_system\src\core\fsck.cpp">
      <Filter>Source Files</Filter>
    </ClCompile>
    <ClCompile Include="E:\os_system\os_system\os_system\src\core\journal.cpp">
      <Filter>Source Files</Filter>
    </ClCompile>
    <ClCompile Include="E:\os_system\os_system\os_system\src\core\debug.cpp">
      <Filter>Source Files</Filter>
    </ClCompile>
    <ClCompile Include="E:\os_system\os_system\os_system\src\core\physical_api.cpp">
      <Filter>Source Files</Filter>
    </ClCompile>
  </ItemGroup>
  <ItemGroup>
    <ClInclude Include="E:\os_system\os_system\os_system\include\block_alloc.h">
      <Filter>Header Files</Filter>
    </ClInclude>
    <ClInclude Include="E:\os_system\os_system\os_system\include\block_map.h">
      <Filter>Header Files</Filter>
    </ClInclude>
    <ClInclude Include="E:\os_system\os_system\os_system\include\raw_file.h">
      <Filter>Header Files</Filter>
    </ClInclude>
    <ClInclude Include="E:\os_system\os_system\os_system\include\cache.h">
      <Filter>Header Files</Filter>
    </ClInclude>
    <ClInclude Include="E:\os_system\os_system\os_system\include\sync.h">
      <Filter>Header Files</Filter>
    </ClInclude>
    <ClInclude Include="E:\os_system\os_system\os_system\include\fsck.h">
      <Filter>Header Files</Filter>
    </ClInclude>
    <ClInclude Include="E:\os_system\os_system\os_system\include\journal.h">
      <Filter>Header Files</Filter>
    </ClInclude>
    <ClInclude Include="E:\os_system\os_system\os_system\include\debug.h">
      <Filter>Header Files</Filter>
    </ClInclude>
    <ClInclude Include="E:\os_system\os_system\os_system\include\physical_api.h">
      <Filter>Header Files</Filter>
    </ClInclude>
  </ItemGroup>
  <ItemGroup>
    <CustomBuild Include="E:\os_system\os_system\os_system\CMakeLists.txt" />
  </ItemGroup>
  <ItemGroup>
    <Filter Include="Header Files">
      <UniqueIdentifier>{7C18DCBB-7FFB-3232-BE53-912392D0044B}</UniqueIdentifier>
    </Filter>
    <Filter Include="Source Files">
      <UniqueIdentifier>{0CEEC822-3C41-3F1D-9C99-FCEE16649A0C}</UniqueIdentifier>
    </Filter>
  </ItemGroup>
</Project>
