
Microsoft Visual Studio Solution File, Format Version 12.00
# Visual Studio Version 17
Project("{8BC9CEB8-8B4A-11D0-8D11-00A0C91BC942}") = "ALL_BUILD", "ALL_BUILD.vcxproj", "{B703B356-D7BE-32D9-8128-CB77D9D55CA1}"
	ProjectSection(ProjectDependencies) = postProject
		{B3ADA0D7-CF17-3FEF-BB79-4DD6094A7C50} = {B3ADA0D7-CF17-3FEF-BB79-4DD6094A7C50}
		{8826814C-7E1B-3CCB-9470-EC46756030F9} = {8826814C-7E1B-3CCB-9470-EC46756030F9}
		{87C3926D-6D19-3BCE-9374-2240004AF8DC} = {87C3926D-6D19-3BCE-9374-2240004AF8DC}
		{807A1206-799B-300B-90FB-196D67E87929} = {807A1206-799B-300B-90FB-196D67E87929}
		{09CA167D-BAF6-3F2D-8284-035C4874D38E} = {09CA167D-BAF6-3F2D-8284-035C4874D38E}
		{1537D9CF-DE15-3CC6-8E50-7A0F4194C6A5} = {1537D9CF-DE15-3CC6-8E50-7A0F4194C6A5}
		{14BCFB13-AFD4-366F-8147-3FFED25FAA96} = {14BCFB13-AFD4-366F-8147-3FFED25FAA96}
		{7E94191F-78D9-306C-A494-F22582282E80} = {7E94191F-78D9-306C-A494-F22582282E80}
		{AD639C70-6514-3251-A6F1-7876C3D9C0C1} = {AD639C70-6514-3251-A6F1-7876C3D9C0C1}
		{F676D7FD-0DB1-3858-A635-2182FA7B7BEE} = {F676D7FD-0DB1-3858-A635-2182FA7B7BEE}
		{108C2438-8D11-3465-881A-D1435B9243FC} = {108C2438-8D11-3465-881A-D1435B9243FC}
		{5281FD4F-60BF-3B1C-AB32-5F4FF61B5CE2} = {5281FD4F-60BF-3B1C-AB32-5F4FF61B5CE2}
		{E2D12FE6-30F3-3554-A5BB-4D0856F846E0} = {E2D12FE6-30F3-3554-A5BB-4D0856F846E0}
	EndProjectSection
EndProject
Project("{8BC9CEB8-8B4A-11D0-8D11-00A0C91BC942}") = "ZERO_CHECK", "ZERO_CHECK.vcxproj", "{B3ADA0D7-CF17-3FEF-BB79-4DD6094A7C50}"
	ProjectSection(ProjectDependencies) = postProject
	EndProjectSection
EndProject
Project("{8BC9CEB8-8B4A-11D0-8D11-00A0C91BC942}") = "block_alloc_test1", "block_alloc_test1.vcxproj", "{8826814C-7E1B-3CCB-9470-EC46756030F9}"
	ProjectSection(ProjectDependencies) = postProject
		{B3ADA0D7-CF17-3FEF-BB79-4DD6094A7C50} = {B3ADA0D7-CF17-3FEF-BB79-4DD6094A7C50}
		{7E94191F-78D9-306C-A494-F22582282E80} = {7E94191F-78D9-306C-A494-F22582282E80}
	EndProjectSection
EndProject
Project("{8BC9CEB8-8B4A-11D0-8D11-00A0C91BC942}") = "block_map_test1", "block_map_test1.vcxproj", "{87C3926D-6D19-3BCE-9374-2240004AF8DC}"
	ProjectSection(ProjectDependencies) = postProject
		{B3ADA0D7-CF17-3FEF-BB79-4DD6094A7C50} = {B3ADA0D7-CF17-3FEF-BB79-4DD6094A7C50}
		{7E94191F-78D9-306C-A494-F22582282E80} = {7E94191F-78D9-306C-A494-F22582282E80}
	EndProjectSection
EndProject
Project("{8BC9CEB8-8B4A-11D0-8D11-00A0C91BC942}") = "cache_test1", "cache_test1.vcxproj", "{807A1206-799B-300B-90FB-196D67E87929}"
	ProjectSection(ProjectDependencies) = postProject
		{B3ADA0D7-CF17-3FEF-BB79-4DD6094A7C50} = {B3ADA0D7-CF17-3FEF-BB79-4DD6094A7C50}
		{7E94191F-78D9-306C-A494-F22582282E80} = {7E94191F-78D9-306C-A494-F22582282E80}
	EndProjectSection
EndProject
Project("{8BC9CEB8-8B4A-11D0-8D11-00A0C91BC942}") = "debug_test1", "debug_test1.vcxproj", "{09CA167D-BAF6-3F2D-8284-035C4874D38E}"
	ProjectSection(ProjectDependencies) = postProject
		{B3ADA0D7-CF17-3FEF-BB79-4DD6094A7C50} = {B3ADA0D7-CF17-3FEF-BB79-4DD6094A7C50}
		{7E94191F-78D9-306C-A494-F22582282E80} = {7E94191F-78D9-306C-A494-F22582282E80}
	EndProjectSection
EndProject
Project("{8BC9CEB8-8B4A-11D0-8D11-00A0C91BC942}") = "fsck_test1", "fsck_test1.vcxproj", "{1537D9CF-DE15-3CC6-8E50-7A0F4194C6A5}"
	ProjectSection(ProjectDependencies) = postProject
		{B3ADA0D7-CF17-3FEF-BB79-4DD6094A7C50} = {B3ADA0D7-CF17-3FEF-BB79-4DD6094A7C50}
		{7E94191F-78D9-306C-A494-F22582282E80} = {7E94191F-78D9-306C-A494-F22582282E80}
	EndProjectSection
EndProject
Project("{8BC9CEB8-8B4A-11D0-8D11-00A0C91BC942}") = "journal_test1", "journal_test1.vcxproj", "{14BCFB13-AFD4-366F-8147-3FFED25FAA96}"
	ProjectSection(ProjectDependencies) = postProject
		{B3ADA0D7-CF17-3FEF-BB79-4DD6094A7C50} = {B3ADA0D7-CF17-3FEF-BB79-4DD6094A7C50}
		{7E94191F-78D9-306C-A494-F22582282E80} = {7E94191F-78D9-306C-A494-F22582282E80}
	EndProjectSection
EndProject
Project("{8BC9CEB8-8B4A-11D0-8D11-00A0C91BC942}") = "myfs_core", "myfs_core.vcxproj", "{7E94191F-78D9-306C-A494-F22582282E80}"
	ProjectSection(ProjectDependencies) = postProject
		{B3ADA0D7-CF17-3FEF-BB79-4DD6094A7C50} = {B3ADA0D7-CF17-3FEF-BB79-4DD6094A7C50}
	EndProjectSection
EndProject
Project("{8BC9CEB8-8B4A-11D0-8D11-00A0C91BC942}") = "physical_api_test1", "physical_api_test1.vcxproj", "{AD639C70-6514-3251-A6F1-7876C3D9C0C1}"
	ProjectSection(ProjectDependencies) = postProject
		{B3ADA0D7-CF17-3FEF-BB79-4DD6094A7C50} = {B3ADA0D7-CF17-3FEF-BB79-4DD6094A7C50}
		{7E94191F-78D9-306C-A494-F22582282E80} = {7E94191F-78D9-306C-A494-F22582282E80}
	EndProjectSection
EndProject
Project("{8BC9CEB8-8B4A-11D0-8D11-00A0C91BC942}") = "physical_stage2_full_test", "physical_stage2_full_test.vcxproj", "{F676D7FD-0DB1-3858-A635-2182FA7B7BEE}"
	ProjectSection(ProjectDependencies) = postProject
		{B3ADA0D7-CF17-3FEF-BB79-4DD6094A7C50} = {B3ADA0D7-CF17-3FEF-BB79-4DD6094A7C50}
		{7E94191F-78D9-306C-A494-F22582282E80} = {7E94191F-78D9-306C-A494-F22582282E80}
	EndProjectSection
EndProject
Project("{8BC9CEB8-8B4A-11D0-8D11-00A0C91BC942}") = "physical_test1", "physical_test1.vcxproj", "{108C2438-8D11-3465-881A-D1435B9243FC}"
	ProjectSection(ProjectDependencies) = postProject
		{B3ADA0D7-CF17-3FEF-BB79-4DD6094A7C50} = {B3ADA0D7-CF17-3FEF-BB79-4DD6094A7C50}
		{7E94191F-78D9-306C-A494-F22582282E80} = {7E94191F-78D9-306C-A494-F22582282E80}
	EndProjectSection
EndProject
Project("{8BC9CEB8-8B4A-11D0-8D11-00A0C91BC942}") = "raw_file_test1", "raw_file_test1.vcxproj", "{5281FD4F-60BF-3B1C-AB32-5F4FF61B5CE2}"
	ProjectSection(ProjectDependencies) = postProject
		{B3ADA0D7-CF17-3FEF-BB79-4DD6094A7C50} = {B3ADA0D7-CF17-3FEF-BB79-4DD6094A7C50}
		{7E94191F-78D9-306C-A494-F22582282E80} = {7E94191F-78D9-306C-A494-F22582282E80}
	EndProjectSection
EndProject
Project("{8BC9CEB8-8B4A-11D0-8D11-00A0C91BC942}") = "vfs_upper", "vfs_upper.vcxproj", "{E2D12FE6-30F3-3554-A5BB-4D0856F846E0}"
	ProjectSection(ProjectDependencies) = postProject
		{B3ADA0D7-CF17-3FEF-BB79-4DD6094A7C50} = {B3ADA0D7-CF17-3FEF-BB79-4DD6094A7C50}
		{7E94191F-78D9-306C-A494-F22582282E80} = {7E94191F-78D9-306C-A494-F22582282E80}
	EndProjectSection
EndProject
Global
	GlobalSection(SolutionConfigurationPlatforms) = preSolution
		Debug|x64 = Debug|x64
		Release|x64 = Release|x64
		MinSizeRel|x64 = MinSizeRel|x64
		RelWithDebInfo|x64 = RelWithDebInfo|x64
	EndGlobalSection
	GlobalSection(ProjectConfigurationPlatforms) = postSolution
		{B703B356-D7BE-32D9-8128-CB77D9D55CA1}.Debug|x64.ActiveCfg = Debug|x64
		{B703B356-D7BE-32D9-8128-CB77D9D55CA1}.Release|x64.ActiveCfg = Release|x64
		{B703B356-D7BE-32D9-8128-CB77D9D55CA1}.MinSizeRel|x64.ActiveCfg = MinSizeRel|x64
		{B703B356-D7BE-32D9-8128-CB77D9D55CA1}.RelWithDebInfo|x64.ActiveCfg = RelWithDebInfo|x64
		{B3ADA0D7-CF17-3FEF-BB79-4DD6094A7C50}.Debug|x64.ActiveCfg = Debug|x64
		{B3ADA0D7-CF17-3FEF-BB79-4DD6094A7C50}.Debug|x64.Build.0 = Debug|x64
		{B3ADA0D7-CF17-3FEF-BB79-4DD6094A7C50}.Release|x64.ActiveCfg = Release|x64
		{B3ADA0D7-CF17-3FEF-BB79-4DD6094A7C50}.Release|x64.Build.0 = Release|x64
		{B3ADA0D7-CF17-3FEF-BB79-4DD6094A7C50}.MinSizeRel|x64.ActiveCfg = MinSizeRel|x64
		{B3ADA0D7-CF17-3FEF-BB79-4DD6094A7C50}.MinSizeRel|x64.Build.0 = MinSizeRel|x64
		{B3ADA0D7-CF17-3FEF-BB79-4DD6094A7C50}.RelWithDebInfo|x64.ActiveCfg = RelWithDebInfo|x64
		{B3ADA0D7-CF17-3FEF-BB79-4DD6094A7C50}.RelWithDebInfo|x64.Build.0 = RelWithDebInfo|x64
		{8826814C-7E1B-3CCB-9470-EC46756030F9}.Debug|x64.ActiveCfg = Debug|x64
		{8826814C-7E1B-3CCB-9470-EC46756030F9}.Debug|x64.Build.0 = Debug|x64
		{8826814C-7E1B-3CCB-9470-EC46756030F9}.Release|x64.ActiveCfg = Release|x64
		{8826814C-7E1B-3CCB-9470-EC46756030F9}.Release|x64.Build.0 = Release|x64
		{8826814C-7E1B-3CCB-9470-EC46756030F9}.MinSizeRel|x64.ActiveCfg = MinSizeRel|x64
		{8826814C-7E1B-3CCB-9470-EC46756030F9}.MinSizeRel|x64.Build.0 = MinSizeRel|x64
		{8826814C-7E1B-3CCB-9470-EC46756030F9}.RelWithDebInfo|x64.ActiveCfg = RelWithDebInfo|x64
		{8826814C-7E1B-3CCB-9470-EC46756030F9}.RelWithDebInfo|x64.Build.0 = RelWithDebInfo|x64
		{87C3926D-6D19-3BCE-9374-2240004AF8DC}.Debug|x64.ActiveCfg = Debug|x64
		{87C3926D-6D19-3BCE-9374-2240004AF8DC}.Debug|x64.Build.0 = Debug|x64
		{87C3926D-6D19-3BCE-9374-2240004AF8DC}.Release|x64.ActiveCfg = Release|x64
		{87C3926D-6D19-3BCE-9374-2240004AF8DC}.Release|x64.Build.0 = Release|x64
		{87C3926D-6D19-3BCE-9374-2240004AF8DC}.MinSizeRel|x64.ActiveCfg = MinSizeRel|x64
		{87C3926D-6D19-3BCE-9374-2240004AF8DC}.MinSizeRel|x64.Build.0 = MinSizeRel|x64
		{87C3926D-6D19-3BCE-9374-2240004AF8DC}.RelWithDebInfo|x64.ActiveCfg = RelWithDebInfo|x64
		{87C3926D-6D19-3BCE-9374-2240004AF8DC}.RelWithDebInfo|x64.Build.0 = RelWithDebInfo|x64
		{807A1206-799B-300B-90FB-196D67E87929}.Debug|x64.ActiveCfg = Debug|x64
		{807A1206-799B-300B-90FB-196D67E87929}.Debug|x64.Build.0 = Debug|x64
		{807A1206-799B-300B-90FB-196D67E87929}.Release|x64.ActiveCfg = Release|x64
		{807A1206-799B-300B-90FB-196D67E87929}.Release|x64.Build.0 = Release|x64
		{807A1206-799B-300B-90FB-196D67E87929}.MinSizeRel|x64.ActiveCfg = MinSizeRel|x64
		{807A1206-799B-300B-90FB-196D67E87929}.MinSizeRel|x64.Build.0 = MinSizeRel|x64
		{807A1206-799B-300B-90FB-196D67E87929}.RelWithDebInfo|x64.ActiveCfg = RelWithDebInfo|x64
		{807A1206-799B-300B-90FB-196D67E87929}.RelWithDebInfo|x64.Build.0 = RelWithDebInfo|x64
		{09CA167D-BAF6-3F2D-8284-035C4874D38E}.Debug|x64.ActiveCfg = Debug|x64
		{09CA167D-BAF6-3F2D-8284-035C4874D38E}.Debug|x64.Build.0 = Debug|x64
		{09CA167D-BAF6-3F2D-8284-035C4874D38E}.Release|x64.ActiveCfg = Release|x64
		{09CA167D-BAF6-3F2D-8284-035C4874D38E}.Release|x64.Build.0 = Release|x64
		{09CA167D-BAF6-3F2D-8284-035C4874D38E}.MinSizeRel|x64.ActiveCfg = MinSizeRel|x64
		{09CA167D-BAF6-3F2D-8284-035C4874D38E}.MinSizeRel|x64.Build.0 = MinSizeRel|x64
		{09CA167D-BAF6-3F2D-8284-035C4874D38E}.RelWithDebInfo|x64.ActiveCfg = RelWithDebInfo|x64
		{09CA167D-BAF6-3F2D-8284-035C4874D38E}.RelWithDebInfo|x64.Build.0 = RelWithDebInfo|x64
		{1537D9CF-DE15-3CC6-8E50-7A0F4194C6A5}.Debug|x64.ActiveCfg = Debug|x64
		{1537D9CF-DE15-3CC6-8E50-7A0F4194C6A5}.Debug|x64.Build.0 = Debug|x64
		{1537D9CF-DE15-3CC6-8E50-7A0F4194C6A5}.Release|x64.ActiveCfg = Release|x64
		{1537D9CF-DE15-3CC6-8E50-7A0F4194C6A5}.Release|x64.Build.0 = Release|x64
		{1537D9CF-DE15-3CC6-8E50-7A0F4194C6A5}.MinSizeRel|x64.ActiveCfg = MinSizeRel|x64
		{1537D9CF-DE15-3CC6-8E50-7A0F4194C6A5}.MinSizeRel|x64.Build.0 = MinSizeRel|x64
		{1537D9CF-DE15-3CC6-8E50-7A0F4194C6A5}.RelWithDebInfo|x64.ActiveCfg = RelWithDebInfo|x64
		{1537D9CF-DE15-3CC6-8E50-7A0F4194C6A5}.RelWithDebInfo|x64.Build.0 = RelWithDebInfo|x64
		{14BCFB13-AFD4-366F-8147-3FFED25FAA96}.Debug|x64.ActiveCfg = Debug|x64
		{14BCFB13-AFD4-366F-8147-3FFED25FAA96}.Debug|x64.Build.0 = Debug|x64
		{14BCFB13-AFD4-366F-8147-3FFED25FAA96}.Release|x64.ActiveCfg = Release|x64
		{14BCFB13-AFD4-366F-8147-3FFED25FAA96}.Release|x64.Build.0 = Release|x64
		{14BCFB13-AFD4-366F-8147-3FFED25FAA96}.MinSizeRel|x64.ActiveCfg = MinSizeRel|x64
		{14BCFB13-AFD4-366F-8147-3FFED25FAA96}.MinSizeRel|x64.Build.0 = MinSizeRel|x64
		{14BCFB13-AFD4-366F-8147-3FFED25FAA96}.RelWithDebInfo|x64.ActiveCfg = RelWithDebInfo|x64
		{14BCFB13-AFD4-366F-8147-3FFED25FAA96}.RelWithDebInfo|x64.Build.0 = RelWithDebInfo|x64
		{7E94191F-78D9-306C-A494-F22582282E80}.Debug|x64.ActiveCfg = Debug|x64
		{7E94191F-78D9-306C-A494-F22582282E80}.Debug|x64.Build.0 = Debug|x64
		{7E94191F-78D9-306C-A494-F22582282E80}.Release|x64.ActiveCfg = Release|x64
		{7E94191F-78D9-306C-A494-F22582282E80}.Release|x64.Build.0 = Release|x64
		{7E94191F-78D9-306C-A494-F22582282E80}.MinSizeRel|x64.ActiveCfg = MinSizeRel|x64
		{7E94191F-78D9-306C-A494-F22582282E80}.MinSizeRel|x64.Build.0 = MinSizeRel|x64
		{7E94191F-78D9-306C-A494-F22582282E80}.RelWithDebInfo|x64.ActiveCfg = RelWithDebInfo|x64
		{7E94191F-78D9-306C-A494-F22582282E80}.RelWithDebInfo|x64.Build.0 = RelWithDebInfo|x64
		{AD639C70-6514-3251-A6F1-7876C3D9C0C1}.Debug|x64.ActiveCfg = Debug|x64
		{AD639C70-6514-3251-A6F1-7876C3D9C0C1}.Debug|x64.Build.0 = Debug|x64
		{AD639C70-6514-3251-A6F1-7876C3D9C0C1}.Release|x64.ActiveCfg = Release|x64
		{AD639C70-6514-3251-A6F1-7876C3D9C0C1}.Release|x64.Build.0 = Release|x64
		{AD639C70-6514-3251-A6F1-7876C3D9C0C1}.MinSizeRel|x64.ActiveCfg = MinSizeRel|x64
		{AD639C70-6514-3251-A6F1-7876C3D9C0C1}.MinSizeRel|x64.Build.0 = MinSizeRel|x64
		{AD639C70-6514-3251-A6F1-7876C3D9C0C1}.RelWithDebInfo|x64.ActiveCfg = RelWithDebInfo|x64
		{AD639C70-6514-3251-A6F1-7876C3D9C0C1}.RelWithDebInfo|x64.Build.0 = RelWithDebInfo|x64
		{F676D7FD-0DB1-3858-A635-2182FA7B7BEE}.Debug|x64.ActiveCfg = Debug|x64
		{F676D7FD-0DB1-3858-A635-2182FA7B7BEE}.Debug|x64.Build.0 = Debug|x64
		{F676D7FD-0DB1-3858-A635-2182FA7B7BEE}.Release|x64.ActiveCfg = Release|x64
		{F676D7FD-0DB1-3858-A635-2182FA7B7BEE}.Release|x64.Build.0 = Release|x64
		{F676D7FD-0DB1-3858-A635-2182FA7B7BEE}.MinSizeRel|x64.ActiveCfg = MinSizeRel|x64
		{F676D7FD-0DB1-3858-A635-2182FA7B7BEE}.MinSizeRel|x64.Build.0 = MinSizeRel|x64
		{F676D7FD-0DB1-3858-A635-2182FA7B7BEE}.RelWithDebInfo|x64.ActiveCfg = RelWithDebInfo|x64
		{F676D7FD-0DB1-3858-A635-2182FA7B7BEE}.RelWithDebInfo|x64.Build.0 = RelWithDebInfo|x64
		{108C2438-8D11-3465-881A-D1435B9243FC}.Debug|x64.ActiveCfg = Debug|x64
		{108C2438-8D11-3465-881A-D1435B9243FC}.Debug|x64.Build.0 = Debug|x64
		{108C2438-8D11-3465-881A-D1435B9243FC}.Release|x64.ActiveCfg = Release|x64
		{108C2438-8D11-3465-881A-D1435B9243FC}.Release|x64.Build.0 = Release|x64
		{108C2438-8D11-3465-881A-D1435B9243FC}.MinSizeRel|x64.ActiveCfg = MinSizeRel|x64
		{108C2438-8D11-3465-881A-D1435B9243FC}.MinSizeRel|x64.Build.0 = MinSizeRel|x64
		{108C2438-8D11-3465-881A-D1435B9243FC}.RelWithDebInfo|x64.ActiveCfg = RelWithDebInfo|x64
		{108C2438-8D11-3465-881A-D1435B9243FC}.RelWithDebInfo|x64.Build.0 = RelWithDebInfo|x64
		{5281FD4F-60BF-3B1C-AB32-5F4FF61B5CE2}.Debug|x64.ActiveCfg = Debug|x64
		{5281FD4F-60BF-3B1C-AB32-5F4FF61B5CE2}.Debug|x64.Build.0 = Debug|x64
		{5281FD4F-60BF-3B1C-AB32-5F4FF61B5CE2}.Release|x64.ActiveCfg = Release|x64
		{5281FD4F-60BF-3B1C-AB32-5F4FF61B5CE2}.Release|x64.Build.0 = Release|x64
		{5281FD4F-60BF-3B1C-AB32-5F4FF61B5CE2}.MinSizeRel|x64.ActiveCfg = MinSizeRel|x64
		{5281FD4F-60BF-3B1C-AB32-5F4FF61B5CE2}.MinSizeRel|x64.Build.0 = MinSizeRel|x64
		{5281FD4F-60BF-3B1C-AB32-5F4FF61B5CE2}.RelWithDebInfo|x64.ActiveCfg = RelWithDebInfo|x64
		{5281FD4F-60BF-3B1C-AB32-5F4FF61B5CE2}.RelWithDebInfo|x64.Build.0 = RelWithDebInfo|x64
		{E2D12FE6-30F3-3554-A5BB-4D0856F846E0}.Debug|x64.ActiveCfg = Debug|x64
		{E2D12FE6-30F3-3554-A5BB-4D0856F846E0}.Debug|x64.Build.0 = Debug|x64
		{E2D12FE6-30F3-3554-A5BB-4D0856F846E0}.Release|x64.ActiveCfg = Release|x64
		{E2D12FE6-30F3-3554-A5BB-4D0856F846E0}.Release|x64.Build.0 = Release|x64
		{E2D12FE6-30F3-3554-A5BB-4D0856F846E0}.MinSizeRel|x64.ActiveCfg = MinSizeRel|x64
		{E2D12FE6-30F3-3554-A5BB-4D0856F846E0}.MinSizeRel|x64.Build.0 = MinSizeRel|x64
		{E2D12FE6-30F3-3554-A5BB-4D0856F846E0}.RelWithDebInfo|x64.ActiveCfg = RelWithDebInfo|x64
		{E2D12FE6-30F3-3554-A5BB-4D0856F846E0}.RelWithDebInfo|x64.Build.0 = RelWithDebInfo|x64
	EndGlobalSection
	GlobalSection(ExtensibilityGlobals) = postSolution
		SolutionGuid = {23584FBA-2E11-354E-823A-F982331C679B}
	EndGlobalSection
	GlobalSection(ExtensibilityAddIns) = postSolution
	EndGlobalSection
EndGlobal
